// !$*UTF8*$!
{
	archiveVersion = 1;
	classes = {
	};
	objectVersion = 55;
	objects = {

/* Begin PBXBuildFile section */
		18EC938CE9904A557DAD755A /* Pods_oc_ocUITests.framework in Frameworks */ = {isa = PBXBuildFile; fileRef = 05B71617C8AA6B23712B5F38 /* Pods_oc_ocUITests.framework */; };
		4B115E9B68EA13D1E856FE8C /* Pods_oc.framework in Frameworks */ = {isa = PBXBuildFile; fileRef = E5C15B7B108CD6961BF8AA28 /* Pods_oc.framework */; };
		9E662EFCBFF88D7C4164A43F /* Pods_ocTests.framework in Frameworks */ = {isa = PBXBuildFile; fileRef = 905E7897378176D5848903FF /* Pods_ocTests.framework */; };
		D587AFF6290638EC00701C5E /* BaseViewController.m in Sources */ = {isa = PBXBuildFile; fileRef = D587AFF5290638EC00701C5E /* BaseViewController.m */; };
		D587ED5128FD8AFD00642A33 /* AppDelegate.m in Sources */ = {isa = PBXBuildFile; fileRef = D587ED5028FD8AFD00642A33 /* AppDelegate.m */; };
		D587ED5728FD8AFD00642A33 /* ViewController.m in Sources */ = {isa = PBXBuildFile; fileRef = D587ED5628FD8AFD00642A33 /* ViewController.m */; };
		D587ED5A28FD8AFD00642A33 /* Main.storyboard in Resources */ = {isa = PBXBuildFile; fileRef = D587ED5828FD8AFD00642A33 /* Main.storyboard */; };
		D587ED5D28FD8AFD00642A33 /* oc.xcdatamodeld in Sources */ = {isa = PBXBuildFile; fileRef = D587ED5B28FD8AFD00642A33 /* oc.xcdatamodeld */; };
		D587ED5F28FD8AFF00642A33 /* Assets.xcassets in Resources */ = {isa = PBXBuildFile; fileRef = D587ED5E28FD8AFF00642A33 /* Assets.xcassets */; };
		D587ED6228FD8AFF00642A33 /* LaunchScreen.storyboard in Resources */ = {isa = PBXBuildFile; fileRef = D587ED6028FD8AFF00642A33 /* LaunchScreen.storyboard */; };
		D587ED6528FD8AFF00642A33 /* main.m in Sources */ = {isa = PBXBuildFile; fileRef = D587ED6428FD8AFF00642A33 /* main.m */; };
		D587ED6F28FD8AFF00642A33 /* ocTests.m in Sources */ = {isa = PBXBuildFile; fileRef = D587ED6E28FD8AFF00642A33 /* ocTests.m */; };
		D587ED7928FD8AFF00642A33 /* ocUITests.m in Sources */ = {isa = PBXBuildFile; fileRef = D587ED7828FD8AFF00642A33 /* ocUITests.m */; };
		D587ED7B28FD8AFF00642A33 /* ocUITestsLaunchTests.m in Sources */ = {isa = PBXBuildFile; fileRef = D587ED7A28FD8AFF00642A33 /* ocUITestsLaunchTests.m */; };
/* End PBXBuildFile section */

/* Begin PBXContainerItemProxy section */
		D587ED6B28FD8AFF00642A33 /* PBXContainerItemProxy */ = {
			isa = PBXContainerItemProxy;
			containerPortal = D587ED4428FD8AFD00642A33 /* Project object */;
			proxyType = 1;
			remoteGlobalIDString = D587ED4B28FD8AFD00642A33;
			remoteInfo = oc;
		};
		D587ED7528FD8AFF00642A33 /* PBXContainerItemProxy */ = {
			isa = PBXContainerItemProxy;
			containerPortal = D587ED4428FD8AFD00642A33 /* Project object */;
			proxyType = 1;
			remoteGlobalIDString = D587ED4B28FD8AFD00642A33;
			remoteInfo = oc;
		};
/* End PBXContainerItemProxy section */

/* Begin PBXFileReference section */
		05B71617C8AA6B23712B5F38 /* Pods_oc_ocUITests.framework */ = {isa = PBXFileReference; explicitFileType = wrapper.framework; includeInIndex = 0; path = Pods_oc_ocUITests.framework; sourceTree = BUILT_PRODUCTS_DIR; };
		1484AEB0AC93F46609C3C643 /* Pods-ocTests.debug.xcconfig */ = {isa = PBXFileReference; includeInIndex = 1; lastKnownFileType = text.xcconfig; name = "Pods-ocTests.debug.xcconfig"; path = "Target Support Files/Pods-ocTests/Pods-ocTests.debug.xcconfig"; sourceTree = "<group>"; };
		23523E6A7ABA511C67C702F0 /* Pods-oc-ocUITests.debug.xcconfig */ = {isa = PBXFileReference; includeInIndex = 1; lastKnownFileType = text.xcconfig; name = "Pods-oc-ocUITests.debug.xcconfig"; path = "Target Support Files/Pods-oc-ocUITests/Pods-oc-ocUITests.debug.xcconfig"; sourceTree = "<group>"; };
		2B88C99209AFE760C24D1DFB /* Pods-ocTests.release.xcconfig */ = {isa = PBXFileReference; includeInIndex = 1; lastKnownFileType = text.xcconfig; name = "Pods-ocTests.release.xcconfig"; path = "Target Support Files/Pods-ocTests/Pods-ocTests.release.xcconfig"; sourceTree = "<group>"; };
		390EE00C509661A1B7E237D0 /* Pods-oc.release.xcconfig */ = {isa = PBXFileReference; includeInIndex = 1; lastKnownFileType = text.xcconfig; name = "Pods-oc.release.xcconfig"; path = "Target Support Files/Pods-oc/Pods-oc.release.xcconfig"; sourceTree = "<group>"; };
		8B076CB65C8BBD1CEB6A872C /* Pods-oc.debug.xcconfig */ = {isa = PBXFileReference; includeInIndex = 1; lastKnownFileType = text.xcconfig; name = "Pods-oc.debug.xcconfig"; path = "Target Support Files/Pods-oc/Pods-oc.debug.xcconfig"; sourceTree = "<group>"; };
		905E7897378176D5848903FF /* Pods_ocTests.framework */ = {isa = PBXFileReference; explicitFileType = wrapper.framework; includeInIndex = 0; path = Pods_ocTests.framework; sourceTree = BUILT_PRODUCTS_DIR; };
		B2A3F188F4801FDBE9C73172 /* Pods-oc-ocUITests.release.xcconfig */ = {isa = PBXFileReference; includeInIndex = 1; lastKnownFileType = text.xcconfig; name = "Pods-oc-ocUITests.release.xcconfig"; path = "Target Support Files/Pods-oc-ocUITests/Pods-oc-ocUITests.release.xcconfig"; sourceTree = "<group>"; };
		D587AFF4290638EC00701C5E /* BaseViewController.h */ = {isa = PBXFileReference; lastKnownFileType = sourcecode.c.h; path = BaseViewController.h; sourceTree = "<group>"; };
		D587AFF5290638EC00701C5E /* BaseViewController.m */ = {isa = PBXFileReference; lastKnownFileType = sourcecode.c.objc; path = BaseViewController.m; sourceTree = "<group>"; };
		D587ED4C28FD8AFD00642A33 /* oc.app */ = {isa = PBXFileReference; explicitFileType = wrapper.application; includeInIndex = 0; path = oc.app; sourceTree = BUILT_PRODUCTS_DIR; };
		D587ED4F28FD8AFD00642A33 /* AppDelegate.h */ = {isa = PBXFileReference; lastKnownFileType = sourcecode.c.h; path = AppDelegate.h; sourceTree = "<group>"; };
		D587ED5028FD8AFD00642A33 /* AppDelegate.m */ = {isa = PBXFileReference; lastKnownFileType = sourcecode.c.objc; path = AppDelegate.m; sourceTree = "<group>"; };
		D587ED5528FD8AFD00642A33 /* ViewController.h */ = {isa = PBXFileReference; lastKnownFileType = sourcecode.c.h; path = ViewController.h; sourceTree = "<group>"; };
		D587ED5628FD8AFD00642A33 /* ViewController.m */ = {isa = PBXFileReference; lastKnownFileType = sourcecode.c.objc; path = ViewController.m; sourceTree = "<group>"; };
		D587ED5928FD8AFD00642A33 /* Base */ = {isa = PBXFileReference; lastKnownFileType = file.storyboard; name = Base; path = Base.lproj/Main.storyboard; sourceTree = "<group>"; };
		D587ED5C28FD8AFD00642A33 /* oc.xcdatamodel */ = {isa = PBXFileReference; lastKnownFileType = wrapper.xcdatamodel; path = oc.xcdatamodel; sourceTree = "<group>"; };
		D587ED5E28FD8AFF00642A33 /* Assets.xcassets */ = {isa = PBXFileReference; lastKnownFileType = folder.assetcatalog; path = Assets.xcassets; sourceTree = "<group>"; };
		D587ED6128FD8AFF00642A33 /* Base */ = {isa = PBXFileReference; lastKnownFileType = file.storyboard; name = Base; path = Base.lproj/LaunchScreen.storyboard; sourceTree = "<group>"; };
		D587ED6328FD8AFF00642A33 /* Info.plist */ = {isa = PBXFileReference; lastKnownFileType = text.plist.xml; path = Info.plist; sourceTree = "<group>"; };
		D587ED6428FD8AFF00642A33 /* main.m */ = {isa = PBXFileReference; lastKnownFileType = sourcecode.c.objc; path = main.m; sourceTree = "<group>"; };
		D587ED6A28FD8AFF00642A33 /* ocTests.xctest */ = {isa = PBXFileReference; explicitFileType = wrapper.cfbundle; includeInIndex = 0; path = ocTests.xctest; sourceTree = BUILT_PRODUCTS_DIR; };
		D587ED6E28FD8AFF00642A33 /* ocTests.m */ = {isa = PBXFileReference; lastKnownFileType = sourcecode.c.objc; path = ocTests.m; sourceTree = "<group>"; };
		D587ED7428FD8AFF00642A33 /* ocUITests.xctest */ = {isa = PBXFileReference; explicitFileType = wrapper.cfbundle; includeInIndex = 0; path = ocUITests.xctest; sourceTree = BUILT_PRODUCTS_DIR; };
		D587ED7828FD8AFF00642A33 /* ocUITests.m */ = {isa = PBXFileReference; lastKnownFileType = sourcecode.c.objc; path = ocUITests.m; sourceTree = "<group>"; };
		D587ED7A28FD8AFF00642A33 /* ocUITestsLaunchTests.m */ = {isa = PBXFileReference; lastKnownFileType = sourcecode.c.objc; path = ocUITestsLaunchTests.m; sourceTree = "<group>"; };
		E5C15B7B108CD6961BF8AA28 /* Pods_oc.framework */ = {isa = PBXFileReference; explicitFileType = wrapper.framework; includeInIndex = 0; path = Pods_oc.framework; sourceTree = BUILT_PRODUCTS_DIR; };
/* End PBXFileReference section */

/* Begin PBXFrameworksBuildPhase section */
		D587ED4928FD8AFD00642A33 /* Frameworks */ = {
			isa = PBXFrameworksBuildPhase;
			buildActionMask = 2147483647;
			files = (
				4B115E9B68EA13D1E856FE8C /* Pods_oc.framework in Frameworks */,
			);
			runOnlyForDeploymentPostprocessing = 0;
		};
		D587ED6728FD8AFF00642A33 /* Frameworks */ = {
			isa = PBXFrameworksBuildPhase;
			buildActionMask = 2147483647;
			files = (
				9E662EFCBFF88D7C4164A43F /* Pods_ocTests.framework in Frameworks */,
			);
			runOnlyForDeploymentPostprocessing = 0;
		};
		D587ED7128FD8AFF00642A33 /* Frameworks */ = {
			isa = PBXFrameworksBuildPhase;
			buildActionMask = 2147483647;
			files = (
				18EC938CE9904A557DAD755A /* Pods_oc_ocUITests.framework in Frameworks */,
			);
			runOnlyForDeploymentPostprocessing = 0;
		};
/* End PBXFrameworksBuildPhase section */

/* Begin PBXGroup section */
		33789899D86C45F843B7A893 /* Frameworks */ = {
			isa = PBXGroup;
			children = (
				E5C15B7B108CD6961BF8AA28 /* Pods_oc.framework */,
				05B71617C8AA6B23712B5F38 /* Pods_oc_ocUITests.framework */,
				905E7897378176D5848903FF /* Pods_ocTests.framework */,
			);
			name = Frameworks;
			sourceTree = "<group>";
		};
		A1BCD9B72E27D27B8AEE4919 /* Pods */ = {
			isa = PBXGroup;
			children = (
				8B076CB65C8BBD1CEB6A872C /* Pods-oc.debug.xcconfig */,
				390EE00C509661A1B7E237D0 /* Pods-oc.release.xcconfig */,
				23523E6A7ABA511C67C702F0 /* Pods-oc-ocUITests.debug.xcconfig */,
				B2A3F188F4801FDBE9C73172 /* Pods-oc-ocUITests.release.xcconfig */,
				1484AEB0AC93F46609C3C643 /* Pods-ocTests.debug.xcconfig */,
				2B88C99209AFE760C24D1DFB /* Pods-ocTests.release.xcconfig */,
			);
			path = Pods;
			sourceTree = "<group>";
		};
		D587AFEF290638BE00701C5E /* Class */ = {
			isa = PBXGroup;
			children = (
				D587AFF82906395700701C5E /* Message */,
				D587AFF0290638BE00701C5E /* Base */,
				D587AFF72906391B00701C5E /* AppDelegate */,
			);
			path = Class;
			sourceTree = "<group>";
		};
		D587AFF0290638BE00701C5E /* Base */ = {
			isa = PBXGroup;
			children = (
				D587AFF3290638BE00701C5E /* ViewController */,
				D587AFF1290638BE00701C5E /* Model */,
				D587AFF2290638BE00701C5E /* View */,
			);
			path = Base;
			sourceTree = "<group>";
		};
		D587AFF1290638BE00701C5E /* Model */ = {
			isa = PBXGroup;
			children = (
			);
			path = Model;
			sourceTree = "<group>";
		};
		D587AFF2290638BE00701C5E /* View */ = {
			isa = PBXGroup;
			children = (
			);
			path = View;
			sourceTree = "<group>";
		};
		D587AFF3290638BE00701C5E /* ViewController */ = {
			isa = PBXGroup;
			children = (
				D587AFF4290638EC00701C5E /* BaseViewController.h */,
				D587AFF5290638EC00701C5E /* BaseViewController.m */,
			);
			path = ViewController;
			sourceTree = "<group>";
		};
		D587AFF72906391B00701C5E /* AppDelegate */ = {
			isa = PBXGroup;
			children = (
				D587ED4F28FD8AFD00642A33 /* AppDelegate.h */,
				D587ED5028FD8AFD00642A33 /* AppDelegate.m */,
			);
			path = AppDelegate;
			sourceTree = "<group>";
		};
		D587AFF82906395700701C5E /* Message */ = {
			isa = PBXGroup;
			children = (
				D587AFFB2906395700701C5E /* ViewController */,
				D587AFF92906395700701C5E /* Model */,
				D587AFFA2906395700701C5E /* View */,
			);
			path = Message;
			sourceTree = "<group>";
		};
		D587AFF92906395700701C5E /* Model */ = {
			isa = PBXGroup;
			children = (
			);
			path = Model;
			sourceTree = "<group>";
		};
		D587AFFA2906395700701C5E /* View */ = {
			isa = PBXGroup;
			children = (
			);
			path = View;
			sourceTree = "<group>";
		};
		D587AFFB2906395700701C5E /* ViewController */ = {
			isa = PBXGroup;
			children = (
				D587ED5528FD8AFD00642A33 /* ViewController.h */,
				D587ED5628FD8AFD00642A33 /* ViewController.m */,
			);
			path = ViewController;
			sourceTree = "<group>";
		};
		D587ED4328FD8AFD00642A33 = {
			isa = PBXGroup;
			children = (
				D587ED4E28FD8AFD00642A33 /* oc */,
				D587ED6D28FD8AFF00642A33 /* ocTests */,
				D587ED7728FD8AFF00642A33 /* ocUITests */,
				D587ED4D28FD8AFD00642A33 /* Products */,
				A1BCD9B72E27D27B8AEE4919 /* Pods */,
				33789899D86C45F843B7A893 /* Frameworks */,
			);
			sourceTree = "<group>";
		};
		D587ED4D28FD8AFD00642A33 /* Products */ = {
			isa = PBXGroup;
			children = (
				D587ED4C28FD8AFD00642A33 /* oc.app */,
				D587ED6A28FD8AFF00642A33 /* ocTests.xctest */,
				D587ED7428FD8AFF00642A33 /* ocUITests.xctest */,
			);
			name = Products;
			sourceTree = "<group>";
		};
		D587ED4E28FD8AFD00642A33 /* oc */ = {
			isa = PBXGroup;
			children = (
				D587AFEF290638BE00701C5E /* Class */,
				D587ED5828FD8AFD00642A33 /* Main.storyboard */,
				D587ED5E28FD8AFF00642A33 /* Assets.xcassets */,
				D587ED6028FD8AFF00642A33 /* LaunchScreen.storyboard */,
				D587ED6328FD8AFF00642A33 /* Info.plist */,
				D587ED6428FD8AFF00642A33 /* main.m */,
				D587ED5B28FD8AFD00642A33 /* oc.xcdatamodeld */,
			);
			path = oc;
			sourceTree = "<group>";
		};
		D587ED6D28FD8AFF00642A33 /* ocTests */ = {
			isa = PBXGroup;
			children = (
				D587ED6E28FD8AFF00642A33 /* ocTests.m */,
			);
			path = ocTests;
			sourceTree = "<group>";
		};
		D587ED7728FD8AFF00642A33 /* ocUITests */ = {
			isa = PBXGroup;
			children = (
				D587ED7828FD8AFF00642A33 /* ocUITests.m */,
				D587ED7A28FD8AFF00642A33 /* ocUITestsLaunchTests.m */,
			);
			path = ocUITests;
			sourceTree = "<group>";
		};
/* End PBXGroup section */

/* Begin PBXNativeTarget section */
		D587ED4B28FD8AFD00642A33 /* oc */ = {
			isa = PBXNativeTarget;
			buildConfigurationList = D587ED7E28FD8AFF00642A33 /* Build configuration list for PBXNativeTarget "oc" */;
			buildPhases = (
				5D5B1366A41D7B1579242602 /* [CP] Check Pods Manifest.lock */,
				D587ED4828FD8AFD00642A33 /* Sources */,
				D587ED4928FD8AFD00642A33 /* Frameworks */,
				D587ED4A28FD8AFD00642A33 /* Resources */,
				0930095DE91E0322E5457A4B /* [CP] Embed Pods Frameworks */,
			);
			buildRules = (
			);
			dependencies = (
			);
			name = oc;
			productName = oc;
			productReference = D587ED4C28FD8AFD00642A33 /* oc.app */;
			productType = "com.apple.product-type.application";
		};
		D587ED6928FD8AFF00642A33 /* ocTests */ = {
			isa = PBXNativeTarget;
			buildConfigurationList = D587ED8128FD8AFF00642A33 /* Build configuration list for PBXNativeTarget "ocTests" */;
			buildPhases = (
				36D395FAF175F79A938778A6 /* [CP] Check Pods Manifest.lock */,
				D587ED6628FD8AFF00642A33 /* Sources */,
				D587ED6728FD8AFF00642A33 /* Frameworks */,
				D587ED6828FD8AFF00642A33 /* Resources */,
			);
			buildRules = (
			);
			dependencies = (
				D587ED6C28FD8AFF00642A33 /* PBXTargetDependency */,
			);
			name = ocTests;
			productName = ocTests;
			productReference = D587ED6A28FD8AFF00642A33 /* ocTests.xctest */;
			productType = "com.apple.product-type.bundle.unit-test";
		};
		D587ED7328FD8AFF00642A33 /* ocUITests */ = {
			isa = PBXNativeTarget;
			buildConfigurationList = D587ED8428FD8AFF00642A33 /* Build configuration list for PBXNativeTarget "ocUITests" */;
			buildPhases = (
				4D1C4507A0B37A7BFB2B6B63 /* [CP] Check Pods Manifest.lock */,
				D587ED7028FD8AFF00642A33 /* Sources */,
				D587ED7128FD8AFF00642A33 /* Frameworks */,
				D587ED7228FD8AFF00642A33 /* Resources */,
				118799510D90AE33A95C0B2D /* [CP] Embed Pods Frameworks */,
			);
			buildRules = (
			);
			dependencies = (
				D587ED7628FD8AFF00642A33 /* PBXTargetDependency */,
			);
			name = ocUITests;
			productName = ocUITests;
			productReference = D587ED7428FD8AFF00642A33 /* ocUITests.xctest */;
			productType = "com.apple.product-type.bundle.ui-testing";
		};
/* End PBXNativeTarget section */

/* Begin PBXProject section */
		D587ED4428FD8AFD00642A33 /* Project object */ = {
			isa = PBXProject;
			attributes = {
				BuildIndependentTargetsInParallel = 1;
				LastUpgradeCheck = 1340;
				TargetAttributes = {
					D587ED4B28FD8AFD00642A33 = {
						CreatedOnToolsVersion = 13.4.1;
					};
					D587ED6928FD8AFF00642A33 = {
						CreatedOnToolsVersion = 13.4.1;
						TestTargetID = D587ED4B28FD8AFD00642A33;
					};
					D587ED7328FD8AFF00642A33 = {
						CreatedOnToolsVersion = 13.4.1;
						TestTargetID = D587ED4B28FD8AFD00642A33;
					};
				};
			};
			buildConfigurationList = D587ED4728FD8AFD00642A33 /* Build configuration list for PBXProject "oc" */;
			compatibilityVersion = "Xcode 13.0";
			developmentRegion = en;
			hasScannedForEncodings = 0;
			knownRegions = (
				en,
				Base,
			);
			mainGroup = D587ED4328FD8AFD00642A33;
			productRefGroup = D587ED4D28FD8AFD00642A33 /* Products */;
			projectDirPath = "";
			projectRoot = "";
			targets = (
				D587ED4B28FD8AFD00642A33 /* oc */,
				D587ED6928FD8AFF00642A33 /* ocTests */,
				D587ED7328FD8AFF00642A33 /* ocUITests */,
			);
		};
/* End PBXProject section */

/* Begin PBXResourcesBuildPhase section */
		D587ED4A28FD8AFD00642A33 /* Resources */ = {
			isa = PBXResourcesBuildPhase;
			buildActionMask = 2147483647;
			files = (
				D587ED6228FD8AFF00642A33 /* LaunchScreen.storyboard in Resources */,
				D587ED5F28FD8AFF00642A33 /* Assets.xcassets in Resources */,
				D587ED5A28FD8AFD00642A33 /* Main.storyboard in Resources */,
			);
			runOnlyForDeploymentPostprocessing = 0;
		};
		D587ED6828FD8AFF00642A33 /* Resources */ = {
			isa = PBXResourcesBuildPhase;
			buildActionMask = 2147483647;
			files = (
			);
			runOnlyForDeploymentPostprocessing = 0;
		};
		D587ED7228FD8AFF00642A33 /* Resources */ = {
			isa = PBXResourcesBuildPhase;
			buildActionMask = 2147483647;
			files = (
			);
			runOnlyForDeploymentPostprocessing = 0;
		};
/* End PBXResourcesBuildPhase section */

/* Begin PBXShellScriptBuildPhase section */
		0930095DE91E0322E5457A4B /* [CP] Embed Pods Frameworks */ = {
			isa = PBXShellScriptBuildPhase;
			buildActionMask = 2147483647;
			files = (
			);
			inputFileListPaths = (
				"${PODS_ROOT}/Target Support Files/Pods-oc/Pods-oc-frameworks-${CONFIGURATION}-input-files.xcfilelist",
			);
			name = "[CP] Embed Pods Frameworks";
			outputFileListPaths = (
				"${PODS_ROOT}/Target Support Files/Pods-oc/Pods-oc-frameworks-${CONFIGURATION}-output-files.xcfilelist",
			);
			runOnlyForDeploymentPostprocessing = 0;
			shellPath = /bin/sh;
			shellScript = "\"${PODS_ROOT}/Target Support Files/Pods-oc/Pods-oc-frameworks.sh\"\n";
			showEnvVarsInLog = 0;
		};
		118799510D90AE33A95C0B2D /* [CP] Embed Pods Frameworks */ = {
			isa = PBXShellScriptBuildPhase;
			buildActionMask = 2147483647;
			files = (
			);
			inputFileListPaths = (
				"${PODS_ROOT}/Target Support Files/Pods-oc-ocUITests/Pods-oc-ocUITests-frameworks-${CONFIGURATION}-input-files.xcfilelist",
			);
			name = "[CP] Embed Pods Frameworks";
			outputFileListPaths = (
				"${PODS_ROOT}/Target Support Files/Pods-oc-ocUITests/Pods-oc-ocUITests-frameworks-${CONFIGURATION}-output-files.xcfilelist",
			);
			runOnlyForDeploymentPostprocessing = 0;
			shellPath = /bin/sh;
			shellScript = "\"${PODS_ROOT}/Target Support Files/Pods-oc-ocUITests/Pods-oc-ocUITests-frameworks.sh\"\n";
			showEnvVarsInLog = 0;
		};
		36D395FAF175F79A938778A6 /* [CP] Check Pods Manifest.lock */ = {
			isa = PBXShellScriptBuildPhase;
			buildActionMask = 2147483647;
			files = (
			);
			inputFileListPaths = (
			);
			inputPaths = (
				"${PODS_PODFILE_DIR_PATH}/Podfile.lock",
				"${PODS_ROOT}/Manifest.lock",
			);
			name = "[CP] Check Pods Manifest.lock";
			outputFileListPaths = (
			);
			outputPaths = (
				"$(DERIVED_FILE_DIR)/Pods-ocTests-checkManifestLockResult.txt",
			);
			runOnlyForDeploymentPostprocessing = 0;
			shellPath = /bin/sh;
			shellScript = "diff \"${PODS_PODFILE_DIR_PATH}/Podfile.lock\" \"${PODS_ROOT}/Manifest.lock\" > /dev/null\nif [ $? != 0 ] ; then\n    # print error to STDERR\n    echo \"error: The sandbox is not in sync with the Podfile.lock. Run 'pod install' or update your CocoaPods installation.\" >&2\n    exit 1\nfi\n# This output is used by Xcode 'outputs' to avoid re-running this script phase.\necho \"SUCCESS\" > \"${SCRIPT_OUTPUT_FILE_0}\"\n";
			showEnvVarsInLog = 0;
		};
		4D1C4507A0B37A7BFB2B6B63 /* [CP] Check Pods Manifest.lock */ = {
			isa = PBXShellScriptBuildPhase;
			buildActionMask = 2147483647;
			files = (
			);
			inputFileListPaths = (
			);
			inputPaths = (
				"${PODS_PODFILE_DIR_PATH}/Podfile.lock",
				"${PODS_ROOT}/Manifest.lock",
			);
			name = "[CP] Check Pods Manifest.lock";
			outputFileListPaths = (
			);
			outputPaths = (
				"$(DERIVED_FILE_DIR)/Pods-oc-ocUITests-checkManifestLockResult.txt",
			);
			runOnlyForDeploymentPostprocessing = 0;
			shellPath = /bin/sh;
			shellScript = "diff \"${PODS_PODFILE_DIR_PATH}/Podfile.lock\" \"${PODS_ROOT}/Manifest.lock\" > /dev/null\nif [ $? != 0 ] ; then\n    # print error to STDERR\n    echo \"error: The sandbox is not in sync with the Podfile.lock. Run 'pod install' or update your CocoaPods installation.\" >&2\n    exit 1\nfi\n# This output is used by Xcode 'outputs' to avoid re-running this script phase.\necho \"SUCCESS\" > \"${SCRIPT_OUTPUT_FILE_0}\"\n";
			showEnvVarsInLog = 0;
		};
		5D5B1366A41D7B1579242602 /* [CP] Check Pods Manifest.lock */ = {
			isa = PBXShellScriptBuildPhase;
			buildActionMask = 2147483647;
			files = (
			);
			inputFileListPaths = (
			);
			inputPaths = (
				"${PODS_PODFILE_DIR_PATH}/Podfile.lock",
				"${PODS_ROOT}/Manifest.lock",
			);
			name = "[CP] Check Pods Manifest.lock";
			outputFileListPaths = (
			);
			outputPaths = (
				"$(DERIVED_FILE_DIR)/Pods-oc-checkManifestLockResult.txt",
			);
			runOnlyForDeploymentPostprocessing = 0;
			shellPath = /bin/sh;
			shellScript = "diff \"${PODS_PODFILE_DIR_PATH}/Podfile.lock\" \"${PODS_ROOT}/Manifest.lock\" > /dev/null\nif [ $? != 0 ] ; then\n    # print error to STDERR\n    echo \"error: The sandbox is not in sync with the Podfile.lock. Run 'pod install' or update your CocoaPods installation.\" >&2\n    exit 1\nfi\n# This output is used by Xcode 'outputs' to avoid re-running this script phase.\necho \"SUCCESS\" > \"${SCRIPT_OUTPUT_FILE_0}\"\n";
			showEnvVarsInLog = 0;
		};
/* End PBXShellScriptBuildPhase section */

/* Begin PBXSourcesBuildPhase section */
		D587ED4828FD8AFD00642A33 /* Sources */ = {
			isa = PBXSourcesBuildPhase;
			buildActionMask = 2147483647;
			files = (
				D587ED6528FD8AFF00642A33 /* main.m in Sources */,
				D587AFF6290638EC00701C5E /* BaseViewController.m in Sources */,
				D587ED5728FD8AFD00642A33 /* ViewController.m in Sources */,
				D587ED5D28FD8AFD00642A33 /* oc.xcdatamodeld in Sources */,
				D587ED5128FD8AFD00642A33 /* AppDelegate.m in Sources */,
			);
			runOnlyForDeploymentPostprocessing = 0;
		};
		D587ED6628FD8AFF00642A33 /* Sources */ = {
			isa = PBXSourcesBuildPhase;
			buildActionMask = 2147483647;
			files = (
				D587ED6F28FD8AFF00642A33 /* ocTests.m in Sources */,
			);
			runOnlyForDeploymentPostprocessing = 0;
		};
		D587ED7028FD8AFF00642A33 /* Sources */ = {
			isa = PBXSourcesBuildPhase;
			buildActionMask = 2147483647;
			files = (
				D587ED7B28FD8AFF00642A33 /* ocUITestsLaunchTests.m in Sources */,
				D587ED7928FD8AFF00642A33 /* ocUITests.m in Sources */,
			);
			runOnlyForDeploymentPostprocessing = 0;
		};
/* End PBXSourcesBuildPhase section */

/* Begin PBXTargetDependency section */
		D587ED6C28FD8AFF00642A33 /* PBXTargetDependency */ = {
			isa = PBXTargetDependency;
			target = D587ED4B28FD8AFD00642A33 /* oc */;
			targetProxy = D587ED6B28FD8AFF00642A33 /* PBXContainerItemProxy */;
		};
		D587ED7628FD8AFF00642A33 /* PBXTargetDependency */ = {
			isa = PBXTargetDependency;
			target = D587ED4B28FD8AFD00642A33 /* oc */;
			targetProxy = D587ED7528FD8AFF00642A33 /* PBXContainerItemProxy */;
		};
/* End PBXTargetDependency section */

/* Begin PBXVariantGroup section */
		D587ED5828FD8AFD00642A33 /* Main.storyboard */ = {
			isa = PBXVariantGroup;
			children = (
				D587ED5928FD8AFD00642A33 /* Base */,
			);
			name = Main.storyboard;
			sourceTree = "<group>";
		};
		D587ED6028FD8AFF00642A33 /* LaunchScreen.storyboard */ = {
			isa = PBXVariantGroup;
			children = (
				D587ED6128FD8AFF00642A33 /* Base */,
			);
			name = LaunchScreen.storyboard;
			sourceTree = "<group>";
		};
/* End PBXVariantGroup section */

/* Begin XCBuildConfiguration section */
		D587ED7C28FD8AFF00642A33 /* Debug */ = {
			isa = XCBuildConfiguration;
			buildSettings = {
				ALWAYS_SEARCH_USER_PATHS = NO;
				CLANG_ANALYZER_NONNULL = YES;
				CLANG_ANALYZER_NUMBER_OBJECT_CONVERSION = YES_AGGRESSIVE;
				CLANG_CXX_LANGUAGE_STANDARD = "gnu++17";
				CLANG_ENABLE_MODULES = YES;
				CLANG_ENABLE_OBJC_ARC = YES;
				CLANG_ENABLE_OBJC_WEAK = YES;
				CLANG_WARN_BLOCK_CAPTURE_AUTORELEASING = YES;
				CLANG_WARN_BOOL_CONVERSION = YES;
				CLANG_WARN_COMMA = YES;
				CLANG_WARN_CONSTANT_CONVERSION = YES;
				CLANG_WARN_DEPRECATED_OBJC_IMPLEMENTATIONS = YES;
				CLANG_WARN_DIRECT_OBJC_ISA_USAGE = YES_ERROR;
				CLANG_WARN_DOCUMENTATION_COMMENTS = YES;
				CLANG_WARN_EMPTY_BODY = YES;
				CLANG_WARN_ENUM_CONVERSION = YES;
				CLANG_WARN_INFINITE_RECURSION = YES;
				CLANG_WARN_INT_CONVERSION = YES;
				CLANG_WARN_NON_LITERAL_NULL_CONVERSION = YES;
				CLANG_WARN_OBJC_IMPLICIT_RETAIN_SELF = YES;
				CLANG_WARN_OBJC_LITERAL_CONVERSION = YES;
				CLANG_WARN_OBJC_ROOT_CLASS = YES_ERROR;
				CLANG_WARN_QUOTED_INCLUDE_IN_FRAMEWORK_HEADER = YES;
				CLANG_WARN_RANGE_LOOP_ANALYSIS = YES;
				CLANG_WARN_STRICT_PROTOTYPES = YES;
				CLANG_WARN_SUSPICIOUS_MOVE = YES;
				CLANG_WARN_UNGUARDED_AVAILABILITY = YES_AGGRESSIVE;
				CLANG_WARN_UNREACHABLE_CODE = YES;
				CLANG_WARN__DUPLICATE_METHOD_MATCH = YES;
				COPY_PHASE_STRIP = NO;
				DEBUG_INFORMATION_FORMAT = dwarf;
				ENABLE_STRICT_OBJC_MSGSEND = YES;
				ENABLE_TESTABILITY = YES;
				GCC_C_LANGUAGE_STANDARD = gnu11;
				GCC_DYNAMIC_NO_PIC = NO;
				GCC_NO_COMMON_BLOCKS = YES;
				GCC_OPTIMIZATION_LEVEL = 0;
				GCC_PREPROCESSOR_DEFINITIONS = (
					"DEBUG=1",
					"$(inherited)",
				);
				GCC_WARN_64_TO_32_BIT_CONVERSION = YES;
				GCC_WARN_ABOUT_RETURN_TYPE = YES_ERROR;
				GCC_WARN_UNDECLARED_SELECTOR = YES;
				GCC_WARN_UNINITIALIZED_AUTOS = YES_AGGRESSIVE;
				GCC_WARN_UNUSED_FUNCTION = YES;
				GCC_WARN_UNUSED_VARIABLE = YES;
				IPHONEOS_DEPLOYMENT_TARGET = 15.5;
				MTL_ENABLE_DEBUG_INFO = INCLUDE_SOURCE;
				MTL_FAST_MATH = YES;
				ONLY_ACTIVE_ARCH = YES;
				SDKROOT = iphoneos;
			};
			name = Debug;
		};
		D587ED7D28FD8AFF00642A33 /* Release */ = {
			isa = XCBuildConfiguration;
			buildSettings = {
				ALWAYS_SEARCH_USER_PATHS = NO;
				CLANG_ANALYZER_NONNULL = YES;
				CLANG_ANALYZER_NUMBER_OBJECT_CONVERSION = YES_AGGRESSIVE;
				CLANG_CXX_LANGUAGE_STANDARD = "gnu++17";
				CLANG_ENABLE_MODULES = YES;
				CLANG_ENABLE_OBJC_ARC = YES;
				CLANG_ENABLE_OBJC_WEAK = YES;
				CLANG_WARN_BLOCK_CAPTURE_AUTORELEASING = YES;
				CLANG_WARN_BOOL_CONVERSION = YES;
				CLANG_WARN_COMMA = YES;
				CLANG_WARN_CONSTANT_CONVERSION = YES;
				CLANG_WARN_DEPRECATED_OBJC_IMPLEMENTATIONS = YES;
				CLANG_WARN_DIRECT_OBJC_ISA_USAGE = YES_ERROR;
				CLANG_WARN_DOCUMENTATION_COMMENTS = YES;
				CLANG_WARN_EMPTY_BODY = YES;
				CLANG_WARN_ENUM_CONVERSION = YES;
				CLANG_WARN_INFINITE_RECURSION = YES;
				CLANG_WARN_INT_CONVERSION = YES;
				CLANG_WARN_NON_LITERAL_NULL_CONVERSION = YES;
				CLANG_WARN_OBJC_IMPLICIT_RETAIN_SELF = YES;
				CLANG_WARN_OBJC_LITERAL_CONVERSION = YES;
				CLANG_WARN_OBJC_ROOT_CLASS = YES_ERROR;
				CLANG_WARN_QUOTED_INCLUDE_IN_FRAMEWORK_HEADER = YES;
				CLANG_WARN_RANGE_LOOP_ANALYSIS = YES;
				CLANG_WARN_STRICT_PROTOTYPES = YES;
				CLANG_WARN_SUSPICIOUS_MOVE = YES;
				CLANG_WARN_UNGUARDED_AVAILABILITY = YES_AGGRESSIVE;
				CLANG_WARN_UNREACHABLE_CODE = YES;
				CLANG_WARN__DUPLICATE_METHOD_MATCH = YES;
				COPY_PHASE_STRIP = NO;
				DEBUG_INFORMATION_FORMAT = "dwarf-with-dsym";
				ENABLE_NS_ASSERTIONS = NO;
				ENABLE_STRICT_OBJC_MSGSEND = YES;
				GCC_C_LANGUAGE_STANDARD = gnu11;
				GCC_NO_COMMON_BLOCKS = YES;
				GCC_WARN_64_TO_32_BIT_CONVERSION = YES;
				GCC_WARN_ABOUT_RETURN_TYPE = YES_ERROR;
				GCC_WARN_UNDECLARED_SELECTOR = YES;
				GCC_WARN_UNINITIALIZED_AUTOS = YES_AGGRESSIVE;
				GCC_WARN_UNUSED_FUNCTION = YES;
				GCC_WARN_UNUSED_VARIABLE = YES;
				IPHONEOS_DEPLOYMENT_TARGET = 15.5;
				MTL_ENABLE_DEBUG_INFO = NO;
				MTL_FAST_MATH = YES;
				SDKROOT = iphoneos;
				VALIDATE_PRODUCT = YES;
			};
			name = Release;
		};
		D587ED7F28FD8AFF00642A33 /* Debug */ = {
			isa = XCBuildConfiguration;
			baseConfigurationReference = 8B076CB65C8BBD1CEB6A872C /* Pods-oc.debug.xcconfig */;
			buildSettings = {
				ASSETCATALOG_COMPILER_APPICON_NAME = AppIcon;
				ASSETCATALOG_COMPILER_GLOBAL_ACCENT_COLOR_NAME = AccentColor;
				CODE_SIGN_STYLE = Automatic;
				CURRENT_PROJECT_VERSION = 1;
				DEVELOPMENT_TEAM = NL8A4FJ48B;
				GENERATE_INFOPLIST_FILE = YES;
				INFOPLIST_FILE = oc/Info.plist;
				INFOPLIST_KEY_UIApplicationSupportsIndirectInputEvents = YES;
				INFOPLIST_KEY_UILaunchStoryboardName = LaunchScreen;
				INFOPLIST_KEY_UIMainStoryboardFile = Main;
				INFOPLIST_KEY_UISupportedInterfaceOrientations_iPad = "UIInterfaceOrientationPortrait UIInterfaceOrientationPortraitUpsideDown UIInterfaceOrientationLandscapeLeft UIInterfaceOrientationLandscapeRight";
				INFOPLIST_KEY_UISupportedInterfaceOrientations_iPhone = "UIInterfaceOrientationPortrait UIInterfaceOrientationLandscapeLeft UIInterfaceOrientationLandscapeRight";
				LD_RUNPATH_SEARCH_PATHS = (
					"$(inherited)",
					"@executable_path/Frameworks",
				);
				MARKETING_VERSION = 1.0;
				PRODUCT_BUNDLE_IDENTIFIER = first.line.oc.oc;
				PRODUCT_NAME = "$(TARGET_NAME)";
				SWIFT_EMIT_LOC_STRINGS = YES;
				TARGETED_DEVICE_FAMILY = "1,2";
			};
			name = Debug;
		};
		D587ED8028FD8AFF00642A33 /* Release */ = {
			isa = XCBuildConfiguration;
			baseConfigurationReference = 390EE00C509661A1B7E237D0 /* Pods-oc.release.xcconfig */;
			buildSettings = {
				ASSETCATALOG_COMPILER_APPICON_NAME = AppIcon;
				ASSETCATALOG_COMPILER_GLOBAL_ACCENT_COLOR_NAME = AccentColor;
				CODE_SIGN_STYLE = Automatic;
				CURRENT_PROJECT_VERSION = 1;
				DEVELOPMENT_TEAM = NL8A4FJ48B;
				GENERATE_INFOPLIST_FILE = YES;
				INFOPLIST_FILE = oc/Info.plist;
				INFOPLIST_KEY_UIApplicationSupportsIndirectInputEvents = YES;
				INFOPLIST_KEY_UILaunchStoryboardName = LaunchScreen;
				INFOPLIST_KEY_UIMainStoryboardFile = Main;
				INFOPLIST_KEY_UISupportedInterfaceOrientations_iPad = "UIInterfaceOrientationPortrait UIInterfaceOrientationPortraitUpsideDown UIInterfaceOrientationLandscapeLeft UIInterfaceOrientationLandscapeRight";
				INFOPLIST_KEY_UISupportedInterfaceOrientations_iPhone = "UIInterfaceOrientationPortrait UIInterfaceOrientationLandscapeLeft UIInterfaceOrientationLandscapeRight";
				LD_RUNPATH_SEARCH_PATHS = (
					"$(inherited)",
					"@executable_path/Frameworks",
				);
				MARKETING_VERSION = 1.0;
				PRODUCT_BUNDLE_IDENTIFIER = first.line.oc.oc;
				PRODUCT_NAME = "$(TARGET_NAME)";
				SWIFT_EMIT_LOC_STRINGS = YES;
				TARGETED_DEVICE_FAMILY = "1,2";
			};
			name = Release;
		};
		D587ED8228FD8AFF00642A33 /* Debug */ = {
			isa = XCBuildConfiguration;
			baseConfigurationReference = 1484AEB0AC93F46609C3C643 /* Pods-ocTests.debug.xcconfig */;
			buildSettings = {
				BUNDLE_LOADER = "$(TEST_HOST)";
				CODE_SIGN_STYLE = Automatic;
				CURRENT_PROJECT_VERSION = 1;
				DEVELOPMENT_TEAM = NL8A4FJ48B;
				GENERATE_INFOPLIST_FILE = YES;
				IPHONEOS_DEPLOYMENT_TARGET = 15.5;
				MARKETING_VERSION = 1.0;
				PRODUCT_BUNDLE_IDENTIFIER = first.line.oc.ocTests;
				PRODUCT_NAME = "$(TARGET_NAME)";
				SWIFT_EMIT_LOC_STRINGS = NO;
				TARGETED_DEVICE_FAMILY = "1,2";
				TEST_HOST = "$(BUILT_PRODUCTS_DIR)/oc.app/oc";
			};
			name = Debug;
		};
		D587ED8328FD8AFF00642A33 /* Release */ = {
			isa = XCBuildConfiguration;
			baseConfigurationReference = 2B88C99209AFE760C24D1DFB /* Pods-ocTests.release.xcconfig */;
			buildSettings = {
				BUNDLE_LOADER = "$(TEST_HOST)";
				CODE_SIGN_STYLE = Automatic;
				CURRENT_PROJECT_VERSION = 1;
				DEVELOPMENT_TEAM = NL8A4FJ48B;
				GENERATE_INFOPLIST_FILE = YES;
				IPHONEOS_DEPLOYMENT_TARGET = 15.5;
				MARKETING_VERSION = 1.0;
				PRODUCT_BUNDLE_IDENTIFIER = first.line.oc.ocTests;
				PRODUCT_NAME = "$(TARGET_NAME)";
				SWIFT_EMIT_LOC_STRINGS = NO;
				TARGETED_DEVICE_FAMILY = "1,2";
				TEST_HOST = "$(BUILT_PRODUCTS_DIR)/oc.app/oc";
			};
			name = Release;
		};
		D587ED8528FD8AFF00642A33 /* Debug */ = {
			isa = XCBuildConfiguration;
			baseConfigurationReference = 23523E6A7ABA511C67C702F0 /* Pods-oc-ocUITests.debug.xcconfig */;
			buildSettings = {
				CODE_SIGN_STYLE = Automatic;
				CURRENT_PROJECT_VERSION = 1;
				DEVELOPMENT_TEAM = NL8A4FJ48B;
				GENERATE_INFOPLIST_FILE = YES;
				MARKETING_VERSION = 1.0;
				PRODUCT_BUNDLE_IDENTIFIER = first.line.oc.ocUITests;
				PRODUCT_NAME = "$(TARGET_NAME)";
				SWIFT_EMIT_LOC_STRINGS = NO;
				TARGETED_DEVICE_FAMILY = "1,2";
				TEST_TARGET_NAME = oc;
			};
			name = Debug;
		};
		D587ED8628FD8AFF00642A33 /* Release */ = {
			isa = XCBuildConfiguration;
			baseConfigurationReference = B2A3F188F4801FDBE9C73172 /* Pods-oc-ocUITests.release.xcconfig */;
			buildSettings = {
				CODE_SIGN_STYLE = Automatic;
				CURRENT_PROJECT_VERSION = 1;
				DEVELOPMENT_TEAM = NL8A4FJ48B;
				GENERATE_INFOPLIST_FILE = YES;
				MARKETING_VERSION = 1.0;
				PRODUCT_BUNDLE_IDENTIFIER = first.line.oc.ocUITests;
				PRODUCT_NAME = "$(TARGET_NAME)";
				SWIFT_EMIT_LOC_STRINGS = NO;
				TARGETED_DEVICE_FAMILY = "1,2";
				TEST_TARGET_NAME = oc;
			};
			name = Release;
		};
/* End XCBuildConfiguration section */

/* Begin XCConfigurationList section */
		D587ED4728FD8AFD00642A33 /* Build configuration list for PBXProject "oc" */ = {
			isa = XCConfigurationList;
			buildConfigurations = (
				D587ED7C28FD8AFF00642A33 /* Debug */,
				D587ED7D28FD8AFF00642A33 /* Release */,
			);
			defaultConfigurationIsVisible = 0;
			defaultConfigurationName = Release;
		};
		D587ED7E28FD8AFF00642A33 /* Build configuration list for PBXNativeTarget "oc" */ = {
			isa = XCConfigurationList;
			buildConfigurations = (
				D587ED7F28FD8AFF00642A33 /* Debug */,
				D587ED8028FD8AFF00642A33 /* Release */,
			);
			defaultConfigurationIsVisible = 0;
			defaultConfigurationName = Release;
		};
		D587ED8128FD8AFF00642A33 /* Build configuration list for PBXNativeTarget "ocTests" */ = {
			isa = XCConfigurationList;
			buildConfigurations = (
				D587ED8228FD8AFF00642A33 /* Debug */,
				D587ED8328FD8AFF00642A33 /* Release */,
			);
			defaultConfigurationIsVisible = 0;
			defaultConfigurationName = Release;
		};
		D587ED8428FD8AFF00642A33 /* Build configuration list for PBXNativeTarget "ocUITests" */ = {
			isa = XCConfigurationList;
			buildConfigurations = (
				D587ED8528FD8AFF00642A33 /* Debug */,
				D587ED8628FD8AFF00642A33 /* Release */,
			);
			defaultConfigurationIsVisible = 0;
			defaultConfigurationName = Release;
		};
/* End XCConfigurationList section */

/* Begin XCVersionGroup section */
		D587ED5B28FD8AFD00642A33 /* oc.xcdatamodeld */ = {
			isa = XCVersionGroup;
			children = (
				D587ED5C28FD8AFD00642A33 /* oc.xcdatamodel */,
			);
			currentVersion = D587ED5C28FD8AFD00642A33 /* oc.xcdatamodel */;
			path = oc.xcdatamodeld;
			sourceTree = "<group>";
			versionGroupType = wrapper.xcdatamodel;
		};
/* End XCVersionGroup section */
	};
	rootObject = D587ED4428FD8AFD00642A33 /* Project object */;
}
